{
    "_readme": [
        "This file locks the dependencies of your project to a known state",
        "Read more about it at https://getcomposer.org/doc/01-basic-usage.md#composer-lock-the-lock-file",
        "This file is @generated automatically"
    ],
    "hash": "5a1a60ea551e0f7a42d33ac2c71f8725",
    "content-hash": "22e95204e5f293ba4310fcb922b1b639",
    "packages": [],
    "packages-dev": [],
    "aliases": [],
    "minimum-stability": "stable",
    "stability-flags": [],
    "prefer-stable": false,
    "prefer-lowest": false,
    "platform": {
        "php": "~7",
        "ext-phalcon": "~3"
    },
    "platform-dev": []
}
